{
    "_meta": {
        "hash": {
            "sha256": "94bf611bb6402d994cf11f9be6be160fddb2298355907e1f8f223890784eeae5"
        },
        "pipfile-spec": 6,
        "requires": {
            "python_version": "3.7"
        },
        "sources": [
            {
                "name": "pypi",
                "url": "https://pypi.org/simple",
                "verify_ssl": true
            }
        ]
    },
    "default": {
        "pyelftools": {
            "hashes": [
                "sha256:89c6da6f56280c37a5ff33468591ba9a124e17d71fe42de971818cbff46c1b24"
            ],
            "index": "pypi",
            "version": "==0.25"
        },
        "yara": {
            "hashes": [
                "sha256:3ee9cf577d3360c785973fcf62f762df21e1dcf05fa497740bc16ae23c1ea2e9"
            ],
            "index": "pypi",
            "version": "==1.7.7"
        },
        "yara-python": {
            "hashes": [
                "sha256:024fb818ece339a378c562b3b49c28bf861b004ab5c57e488556d49bcd8ab76d",
                "sha256:04a2a9e31668aa20e8ad4e3cd8273b9216391f0e98704ce6637758f644837f78",
                "sha256:0a81aef159adf9a233bf52168cb7ed63edd3213162c1e88aa234a252b46efcf7",
                "sha256:0bf33b91e0dacaff8590631f6459fdb084271de4cb1d0ecbeff2401f9ae20d5c",
                "sha256:16bbd479078f3cce33b4966c112913c0c9a7d22d0a63df23e06be5a84e51d5f4",
                "sha256:2da1d94850cbea1dd9db1cc7d54bb36a69cd6a33bbc0caf003497b6a323e3e10",
                "sha256:6266b2798a6d8df34182658e00556de9a73fcd5fa736a936a4184a0d7dffa41e",
                "sha256:71abafd7ae3fe30d2c5beb3ccdd6cb3a7f9a6f4edbc2d8f120ad40d4ff35383a",
                "sha256:759e11705345d0bc429bedb59ce63ccdab1959f5ec44f6fbc1a24a59f224fd30",
                "sha256:7980282496d73d5854ead8d0cb134b1437bf1c6bf920bbe8dbafcaca0dc8a482",
                "sha256:8ebdc5ad24c2e740534f57e074113033841f1d067819ff4d336407399050a38b",
                "sha256:c5385f28efd42ec615870f30572576b6e3cc12d08025178c9040979244e42eb3",
                "sha256:cd4b6da645a210dab5beff948effbab2861d5620b2fcd3724f1182870154ca4d",
                "sha256:fb74b068109ec359197abcabfe5d777e36aa7c42ed9bdec3c93de1c40c215b03"
            ],
            "index": "pypi",
            "version": "==3.10.0"
        }
    },
    "develop": {}
}
